// !$*UTF8*$!
{
	archiveVersion = 1;
	classes = {
	};
	objectVersion = 46;
	objects = {

/* Begin PBXBuildFile section */
		2767558815122355003DCB76 /* Foundation.framework in Frameworks */ = {isa = PBXBuildFile; fileRef = 2767558715122355003DCB76 /* Foundation.framework */; };
		2767558B15122355003DCB76 /* main.m in Sources */ = {isa = PBXBuildFile; fileRef = 2767558A15122355003DCB76 /* main.m */; };
		2767558F15122355003DCB76 /* FlexArgs.1 in CopyFiles */ = {isa = PBXBuildFile; fileRef = 2767558E15122355003DCB76 /* FlexArgs.1 */; };
		276755971512236C003DCB76 /* FlexArgs.m in Sources */ = {isa = PBXBuildFile; fileRef = 276755961512236C003DCB76 /* FlexArgs.m */; };
		276755B215122FF9003DCB76 /* SenTestingKit.framework in Frameworks */ = {isa = PBXBuildFile; fileRef = 276755B115122FF9003DCB76 /* SenTestingKit.framework */; };
		276755B415122FF9003DCB76 /* Cocoa.framework in Frameworks */ = {isa = PBXBuildFile; fileRef = 276755B315122FF9003DCB76 /* Cocoa.framework */; };
		276755BE15122FF9003DCB76 /* InfoPlist.strings in Resources */ = {isa = PBXBuildFile; fileRef = 276755BC15122FF9003DCB76 /* InfoPlist.strings */; };
		276755C115122FF9003DCB76 /* FlexArgsTest.m in Sources */ = {isa = PBXBuildFile; fileRef = 276755C015122FF9003DCB76 /* FlexArgsTest.m */; };
		276755C91512328C003DCB76 /* FlexArgs.m in Sources */ = {isa = PBXBuildFile; fileRef = 276755961512236C003DCB76 /* FlexArgs.m */; };
		276755CB15123725003DCB76 /* libprofile_rt.dylib in Frameworks */ = {isa = PBXBuildFile; fileRef = 276755CA15123725003DCB76 /* libprofile_rt.dylib */; };
		276755CC151237B9003DCB76 /* libprofile_rt.dylib in Frameworks */ = {isa = PBXBuildFile; fileRef = 276755CA15123725003DCB76 /* libprofile_rt.dylib */; };
/* End PBXBuildFile section */

/* Begin PBXCopyFilesBuildPhase section */
		2767558115122355003DCB76 /* CopyFiles */ = {
			isa = PBXCopyFilesBuildPhase;
			buildActionMask = 2147483647;
			dstPath = /usr/share/man/man1/;
			dstSubfolderSpec = 0;
			files = (
				2767558F15122355003DCB76 /* FlexArgs.1 in CopyFiles */,
			);
			runOnlyForDeploymentPostprocessing = 1;
		};
/* End PBXCopyFilesBuildPhase section */

/* Begin PBXFileReference section */
		2767558315122355003DCB76 /* FlexArgs */ = {isa = PBXFileReference; explicitFileType = "compiled.mach-o.executable"; includeInIndex = 0; path = FlexArgs; sourceTree = BUILT_PRODUCTS_DIR; };
		2767558715122355003DCB76 /* Foundation.framework */ = {isa = PBXFileReference; lastKnownFileType = wrapper.framework; name = Foundation.framework; path = System/Library/Frameworks/Foundation.framework; sourceTree = SDKROOT; };
		2767558A15122355003DCB76 /* main.m */ = {isa = PBXFileReference; lastKnownFileType = sourcecode.c.objc; path = main.m; sourceTree = "<group>"; };
		2767558D15122355003DCB76 /* FlexArgs-Prefix.pch */ = {isa = PBXFileReference; lastKnownFileType = sourcecode.c.h; path = "FlexArgs-Prefix.pch"; sourceTree = "<group>"; };
		2767558E15122355003DCB76 /* FlexArgs.1 */ = {isa = PBXFileReference; lastKnownFileType = text.man; path = FlexArgs.1; sourceTree = "<group>"; };
		276755951512236C003DCB76 /* FlexArgs.h */ = {isa = PBXFileReference; fileEncoding = 4; lastKnownFileType = sourcecode.c.h; path = FlexArgs.h; sourceTree = "<group>"; };
		276755961512236C003DCB76 /* FlexArgs.m */ = {isa = PBXFileReference; fileEncoding = 4; lastKnownFileType = sourcecode.c.objc; path = FlexArgs.m; sourceTree = "<group>"; };
		276755A515122410003DCB76 /* README.md */ = {isa = PBXFileReference; fileEncoding = 4; lastKnownFileType = text; path = README.md; sourceTree = "<group>"; };
		276755B015122FF9003DCB76 /* FlexArgsTest.octest */ = {isa = PBXFileReference; explicitFileType = wrapper.cfbundle; includeInIndex = 0; path = FlexArgsTest.octest; sourceTree = BUILT_PRODUCTS_DIR; };
		276755B115122FF9003DCB76 /* SenTestingKit.framework */ = {isa = PBXFileReference; lastKnownFileType = wrapper.framework; name = SenTestingKit.framework; path = Library/Frameworks/SenTestingKit.framework; sourceTree = DEVELOPER_DIR; };
		276755B315122FF9003DCB76 /* Cocoa.framework */ = {isa = PBXFileReference; lastKnownFileType = wrapper.framework; name = Cocoa.framework; path = Library/Frameworks/Cocoa.framework; sourceTree = DEVELOPER_DIR; };
		276755B615122FF9003DCB76 /* AppKit.framework */ = {isa = PBXFileReference; lastKnownFileType = wrapper.framework; name = AppKit.framework; path = Library/Frameworks/AppKit.framework; sourceTree = SDKROOT; };
		276755B715122FF9003DCB76 /* CoreData.framework */ = {isa = PBXFileReference; lastKnownFileType = wrapper.framework; name = CoreData.framework; path = Library/Frameworks/CoreData.framework; sourceTree = SDKROOT; };
		276755B815122FF9003DCB76 /* Foundation.framework */ = {isa = PBXFileReference; lastKnownFileType = wrapper.framework; name = Foundation.framework; path = Library/Frameworks/Foundation.framework; sourceTree = SDKROOT; };
		276755BB15122FF9003DCB76 /* FlexArgsTest-Info.plist */ = {isa = PBXFileReference; lastKnownFileType = text.plist.xml; path = "FlexArgsTest-Info.plist"; sourceTree = "<group>"; };
		276755BD15122FF9003DCB76 /* en */ = {isa = PBXFileReference; lastKnownFileType = text.plist.strings; name = en; path = en.lproj/InfoPlist.strings; sourceTree = "<group>"; };
		276755BF15122FF9003DCB76 /* FlexArgsTest.h */ = {isa = PBXFileReference; lastKnownFileType = sourcecode.c.h; path = FlexArgsTest.h; sourceTree = "<group>"; };
		276755C015122FF9003DCB76 /* FlexArgsTest.m */ = {isa = PBXFileReference; lastKnownFileType = sourcecode.c.objc; path = FlexArgsTest.m; sourceTree = "<group>"; };
		276755C215122FF9003DCB76 /* FlexArgsTest-Prefix.pch */ = {isa = PBXFileReference; lastKnownFileType = sourcecode.c.h; path = "FlexArgsTest-Prefix.pch"; sourceTree = "<group>"; };
		276755CA15123725003DCB76 /* libprofile_rt.dylib */ = {isa = PBXFileReference; lastKnownFileType = "compiled.mach-o.dylib"; name = libprofile_rt.dylib; path = Toolchains/XcodeDefault.xctoolchain/usr/lib/libprofile_rt.dylib; sourceTree = DEVELOPER_DIR; };
/* End PBXFileReference section */

/* Begin PBXFrameworksBuildPhase section */
		2767558015122355003DCB76 /* Frameworks */ = {
			isa = PBXFrameworksBuildPhase;
			buildActionMask = 2147483647;
			files = (
				2767558815122355003DCB76 /* Foundation.framework in Frameworks */,
				276755CB15123725003DCB76 /* libprofile_rt.dylib in Frameworks */,
			);
			runOnlyForDeploymentPostprocessing = 0;
		};
		276755AC15122FF9003DCB76 /* Frameworks */ = {
			isa = PBXFrameworksBuildPhase;
			buildActionMask = 2147483647;
			files = (
				276755B215122FF9003DCB76 /* SenTestingKit.framework in Frameworks */,
				276755B415122FF9003DCB76 /* Cocoa.framework in Frameworks */,
				276755CC151237B9003DCB76 /* libprofile_rt.dylib in Frameworks */,
			);
			runOnlyForDeploymentPostprocessing = 0;
		};
/* End PBXFrameworksBuildPhase section */

/* Begin PBXGroup section */
		2767557815122355003DCB76 = {
			isa = PBXGroup;
			children = (
				276755CA15123725003DCB76 /* libprofile_rt.dylib */,
				276755A515122410003DCB76 /* README.md */,
				2767558915122355003DCB76 /* FlexArgs */,
				276755B915122FF9003DCB76 /* FlexArgsTest */,
				2767558615122355003DCB76 /* Frameworks */,
				2767558415122355003DCB76 /* Products */,
			);
			sourceTree = "<group>";
		};
		2767558415122355003DCB76 /* Products */ = {
			isa = PBXGroup;
			children = (
				2767558315122355003DCB76 /* FlexArgs */,
				276755B015122FF9003DCB76 /* FlexArgsTest.octest */,
			);
			name = Products;
			sourceTree = "<group>";
		};
		2767558615122355003DCB76 /* Frameworks */ = {
			isa = PBXGroup;
			children = (
				2767558715122355003DCB76 /* Foundation.framework */,
				276755B115122FF9003DCB76 /* SenTestingKit.framework */,
				276755B315122FF9003DCB76 /* Cocoa.framework */,
				276755B515122FF9003DCB76 /* Other Frameworks */,
			);
			name = Frameworks;
			sourceTree = "<group>";
		};
		2767558915122355003DCB76 /* FlexArgs */ = {
			isa = PBXGroup;
			children = (
				276755951512236C003DCB76 /* FlexArgs.h */,
				276755961512236C003DCB76 /* FlexArgs.m */,
				2767558A15122355003DCB76 /* main.m */,
				2767558E15122355003DCB76 /* FlexArgs.1 */,
				2767558C15122355003DCB76 /* Supporting Files */,
			);
			path = FlexArgs;
			sourceTree = "<group>";
		};
		2767558C15122355003DCB76 /* Supporting Files */ = {
			isa = PBXGroup;
			children = (
				2767558D15122355003DCB76 /* FlexArgs-Prefix.pch */,
			);
			name = "Supporting Files";
			sourceTree = "<group>";
		};
		276755B515122FF9003DCB76 /* Other Frameworks */ = {
			isa = PBXGroup;
			children = (
				276755B615122FF9003DCB76 /* AppKit.framework */,
				276755B715122FF9003DCB76 /* CoreData.framework */,
				276755B815122FF9003DCB76 /* Foundation.framework */,
			);
			name = "Other Frameworks";
			sourceTree = "<group>";
		};
		276755B915122FF9003DCB76 /* FlexArgsTest */ = {
			isa = PBXGroup;
			children = (
				276755BF15122FF9003DCB76 /* FlexArgsTest.h */,
				276755C015122FF9003DCB76 /* FlexArgsTest.m */,
				276755BA15122FF9003DCB76 /* Supporting Files */,
			);
			path = FlexArgsTest;
			sourceTree = "<group>";
		};
		276755BA15122FF9003DCB76 /* Supporting Files */ = {
			isa = PBXGroup;
			children = (
				276755BB15122FF9003DCB76 /* FlexArgsTest-Info.plist */,
				276755BC15122FF9003DCB76 /* InfoPlist.strings */,
				276755C215122FF9003DCB76 /* FlexArgsTest-Prefix.pch */,
			);
			name = "Supporting Files";
			sourceTree = "<group>";
		};
/* End PBXGroup section */

/* Begin PBXNativeTarget section */
		2767558215122355003DCB76 /* FlexArgs */ = {
			isa = PBXNativeTarget;
			buildConfigurationList = 2767559215122355003DCB76 /* Build configuration list for PBXNativeTarget "FlexArgs" */;
			buildPhases = (
				2767557F15122355003DCB76 /* Sources */,
				2767558015122355003DCB76 /* Frameworks */,
				2767558115122355003DCB76 /* CopyFiles */,
			);
			buildRules = (
			);
			dependencies = (
			);
			name = FlexArgs;
			productName = FlexArgs;
			productReference = 2767558315122355003DCB76 /* FlexArgs */;
			productType = "com.apple.product-type.tool";
		};
		276755AF15122FF9003DCB76 /* FlexArgsTest */ = {
			isa = PBXNativeTarget;
			buildConfigurationList = 276755C515122FF9003DCB76 /* Build configuration list for PBXNativeTarget "FlexArgsTest" */;
			buildPhases = (
				276755AB15122FF9003DCB76 /* Sources */,
				276755AC15122FF9003DCB76 /* Frameworks */,
				276755AD15122FF9003DCB76 /* Resources */,
				276755AE15122FF9003DCB76 /* ShellScript */,
			);
			buildRules = (
			);
			dependencies = (
			);
			name = FlexArgsTest;
			productName = FlexArgsTest;
			productReference = 276755B015122FF9003DCB76 /* FlexArgsTest.octest */;
			productType = "com.apple.product-type.bundle";
		};
/* End PBXNativeTarget section */

/* Begin PBXProject section */
		2767557A15122355003DCB76 /* Project object */ = {
			isa = PBXProject;
			attributes = {
				LastUpgradeCheck = 0440;
			};
			buildConfigurationList = 2767557D15122355003DCB76 /* Build configuration list for PBXProject "FlexArgs" */;
			compatibilityVersion = "Xcode 3.2";
			developmentRegion = English;
			hasScannedForEncodings = 0;
			knownRegions = (
				en,
			);
			mainGroup = 2767557815122355003DCB76;
			productRefGroup = 2767558415122355003DCB76 /* Products */;
			projectDirPath = "";
			projectRoot = "";
			targets = (
				2767558215122355003DCB76 /* FlexArgs */,
				276755AF15122FF9003DCB76 /* FlexArgsTest */,
			);
		};
/* End PBXProject section */

/* Begin PBXResourcesBuildPhase section */
		276755AD15122FF9003DCB76 /* Resources */ = {
			isa = PBXResourcesBuildPhase;
			buildActionMask = 2147483647;
			files = (
				276755BE15122FF9003DCB76 /* InfoPlist.strings in Resources */,
			);
			runOnlyForDeploymentPostprocessing = 0;
		};
/* End PBXResourcesBuildPhase section */

/* Begin PBXShellScriptBuildPhase section */
		276755AE15122FF9003DCB76 /* ShellScript */ = {
			isa = PBXShellScriptBuildPhase;
			buildActionMask = 2147483647;
			files = (
			);
			inputPaths = (
			);
			outputPaths = (
			);
			runOnlyForDeploymentPostprocessing = 0;
			shellPath = /bin/sh;
			shellScript = "# Run the unit tests in this test bundle.\n\"${SYSTEM_DEVELOPER_DIR}/Tools/RunUnitTests\"\n";
		};
/* End PBXShellScriptBuildPhase section */

/* Begin PBXSourcesBuildPhase section */
		2767557F15122355003DCB76 /* Sources */ = {
			isa = PBXSourcesBuildPhase;
			buildActionMask = 2147483647;
			files = (
				2767558B15122355003DCB76 /* main.m in Sources */,
				276755971512236C003DCB76 /* FlexArgs.m in Sources */,
			);
			runOnlyForDeploymentPostprocessing = 0;
		};
		276755AB15122FF9003DCB76 /* Sources */ = {
			isa = PBXSourcesBuildPhase;
			buildActionMask = 2147483647;
			files = (
				276755C91512328C003DCB76 /* FlexArgs.m in Sources */,
				276755C115122FF9003DCB76 /* FlexArgsTest.m in Sources */,
			);
			runOnlyForDeploymentPostprocessing = 0;
		};
/* End PBXSourcesBuildPhase section */

/* Begin PBXVariantGroup section */
		276755BC15122FF9003DCB76 /* InfoPlist.strings */ = {
			isa = PBXVariantGroup;
			children = (
				276755BD15122FF9003DCB76 /* en */,
			);
			name = InfoPlist.strings;
			sourceTree = "<group>";
		};
/* End PBXVariantGroup section */

/* Begin XCBuildConfiguration section */
		2767559015122355003DCB76 /* Debug */ = {
			isa = XCBuildConfiguration;
			buildSettings = {
				ALWAYS_SEARCH_USER_PATHS = NO;
				ARCHS = "$(ARCHS_STANDARD_64_BIT)";
				CLANG_ENABLE_OBJC_ARC = YES;
				COPY_PHASE_STRIP = NO;
				GCC_C_LANGUAGE_STANDARD = gnu99;
				GCC_DYNAMIC_NO_PIC = NO;
				GCC_ENABLE_OBJC_EXCEPTIONS = YES;
				GCC_GENERATE_TEST_COVERAGE_FILES = NO;
				GCC_INSTRUMENT_PROGRAM_FLOW_ARCS = NO;
				GCC_OPTIMIZATION_LEVEL = 0;
				GCC_PREPROCESSOR_DEFINITIONS = (
					"DEBUG=1",
					"$(inherited)",
				);
				GCC_SYMBOLS_PRIVATE_EXTERN = NO;
				GCC_VERSION = com.apple.compilers.llvm.clang.1_0;
				GCC_WARN_64_TO_32_BIT_CONVERSION = YES;
				GCC_WARN_ABOUT_RETURN_TYPE = YES;
				GCC_WARN_UNINITIALIZED_AUTOS = YES;
				GCC_WARN_UNUSED_VARIABLE = YES;
				MACOSX_DEPLOYMENT_TARGET = 10.8;
				ONLY_ACTIVE_ARCH = YES;
				SDKROOT = macosx;
			};
			name = Debug;
		};
		2767559115122355003DCB76 /* Release */ = {
			isa = XCBuildConfiguration;
			buildSettings = {
				ALWAYS_SEARCH_USER_PATHS = NO;
				ARCHS = "$(ARCHS_STANDARD_64_BIT)";
				CLANG_ENABLE_OBJC_ARC = YES;
				COPY_PHASE_STRIP = YES;
				DEBUG_INFORMATION_FORMAT = "dwarf-with-dsym";
				GCC_C_LANGUAGE_STANDARD = gnu99;
				GCC_ENABLE_OBJC_EXCEPTIONS = YES;
				GCC_GENERATE_TEST_COVERAGE_FILES = NO;
				GCC_INSTRUMENT_PROGRAM_FLOW_ARCS = NO;
				GCC_VERSION = com.apple.compilers.llvm.clang.1_0;
				GCC_WARN_64_TO_32_BIT_CONVERSION = YES;
				GCC_WARN_ABOUT_RETURN_TYPE = YES;
				GCC_WARN_UNINITIALIZED_AUTOS = YES;
				GCC_WARN_UNUSED_VARIABLE = YES;
				MACOSX_DEPLOYMENT_TARGET = 10.8;
				SDKROOT = macosx;
			};
			name = Release;
		};
		2767559315122355003DCB76 /* Debug */ = {
			isa = XCBuildConfiguration;
			buildSettings = {
				GCC_PRECOMPILE_PREFIX_HEADER = YES;
				GCC_PREFIX_HEADER = "FlexArgs/FlexArgs-Prefix.pch";
				LIBRARY_SEARCH_PATHS = (
					"$(inherited)",
					"\"$(SYSTEM_APPS_DIR)/Xcode.app/Contents/Developer/Toolchains/XcodeDefault.xctoolchain/usr/lib\"",
				);
				PRODUCT_NAME = "$(TARGET_NAME)";
			};
			name = Debug;
		};
		2767559415122355003DCB76 /* Release */ = {
			isa = XCBuildConfiguration;
			buildSettings = {
				GCC_PRECOMPILE_PREFIX_HEADER = YES;
				GCC_PREFIX_HEADER = "FlexArgs/FlexArgs-Prefix.pch";
				LIBRARY_SEARCH_PATHS = (
					"$(inherited)",
					"\"$(SYSTEM_APPS_DIR)/Xcode.app/Contents/Developer/Toolchains/XcodeDefault.xctoolchain/usr/lib\"",
				);
				PRODUCT_NAME = "$(TARGET_NAME)";
			};
			name = Release;
		};
		276755C315122FF9003DCB76 /* Debug */ = {
			isa = XCBuildConfiguration;
			buildSettings = {
				FRAMEWORK_SEARCH_PATHS = "$(DEVELOPER_LIBRARY_DIR)/Frameworks";
				GCC_GENERATE_TEST_COVERAGE_FILES = YES;
				GCC_INSTRUMENT_PROGRAM_FLOW_ARCS = YES;
				GCC_PRECOMPILE_PREFIX_HEADER = YES;
				GCC_PREFIX_HEADER = "FlexArgsTest/FlexArgsTest-Prefix.pch";
				INFOPLIST_FILE = "FlexArgsTest/FlexArgsTest-Info.plist";
				LIBRARY_SEARCH_PATHS = (
					"$(inherited)",
					"\"$(SYSTEM_APPS_DIR)/Xcode.app/Contents/Developer/Toolchains/XcodeDefault.xctoolchain/usr/lib\"",
				);
				PRODUCT_NAME = "$(TARGET_NAME)";
				WRAPPER_EXTENSION = octest;
			};
			name = Debug;
		};
		276755C415122FF9003DCB76 /* Release */ = {
			isa = XCBuildConfiguration;
			buildSettings = {
				FRAMEWORK_SEARCH_PATHS = "$(DEVELOPER_LIBRARY_DIR)/Frameworks";
				GCC_GENERATE_TEST_COVERAGE_FILES = YES;
				GCC_INSTRUMENT_PROGRAM_FLOW_ARCS = YES;
				GCC_PRECOMPILE_PREFIX_HEADER = YES;
				GCC_PREFIX_HEADER = "FlexArgsTest/FlexArgsTest-Prefix.pch";
				INFOPLIST_FILE = "FlexArgsTest/FlexArgsTest-Info.plist";
				LIBRARY_SEARCH_PATHS = (
					"$(inherited)",
					"\"$(SYSTEM_APPS_DIR)/Xcode.app/Contents/Developer/Toolchains/XcodeDefault.xctoolchain/usr/lib\"",
				);
				PRODUCT_NAME = "$(TARGET_NAME)";
				WRAPPER_EXTENSION = octest;
			};
			name = Release;
		};
/* End XCBuildConfiguration section */

/* Begin XCConfigurationList section */
		2767557D15122355003DCB76 /* Build configuration list for PBXProject "FlexArgs" */ = {
			isa = XCConfigurationList;
			buildConfigurations = (
				2767559015122355003DCB76 /* Debug */,
				2767559115122355003DCB76 /* Release */,
			);
			defaultConfigurationIsVisible = 0;
			defaultConfigurationName = Release;
		};
		2767559215122355003DCB76 /* Build configuration list for PBXNativeTarget "FlexArgs" */ = {
			isa = XCConfigurationList;
			buildConfigurations = (
				2767559315122355003DCB76 /* Debug */,
				2767559415122355003DCB76 /* Release */,
			);
			defaultConfigurationIsVisible = 0;
			defaultConfigurationName = Release;
		};
		276755C515122FF9003DCB76 /* Build configuration list for PBXNativeTarget "FlexArgsTest" */ = {
			isa = XCConfigurationList;
			buildConfigurations = (
				276755C315122FF9003DCB76 /* Debug */,
				276755C415122FF9003DCB76 /* Release */,
			);
			defaultConfigurationIsVisible = 0;
		};
/* End XCConfigurationList section */
	};
	rootObject = 2767557A15122355003DCB76 /* Project object */;
}
